// !$*UTF8*$!
{
	archiveVersion = 1;
	classes = {
	};
	objectVersion = 52;
	objects = {

/* Begin PBXBuildFile section */
		0175E226274C54C600DE24FD /* Queries.graphql in Resources */ = {isa = PBXBuildFile; fileRef = 0175E225274C54C600DE24FD /* Queries.graphql */; };
		0175E228274C54D900DE24FD /* Apollo.swift in Sources */ = {isa = PBXBuildFile; fileRef = 0175E227274C54D900DE24FD /* Apollo.swift */; };
		0175E22F274C5E3F00DE24FD /* schema.json in Resources */ = {isa = PBXBuildFile; fileRef = 0175E22E274C5E3F00DE24FD /* schema.json */; };
		0175E231274C655E00DE24FD /* API.swift in Sources */ = {isa = PBXBuildFile; fileRef = 0175E230274C655E00DE24FD /* API.swift */; };
		0175E233274C71C600DE24FD /* CountryDetailView.swift in Sources */ = {isa = PBXBuildFile; fileRef = 0175E232274C71C600DE24FD /* CountryDetailView.swift */; };
		0175E236274C75AE00DE24FD /* CountryListViewModel.swift in Sources */ = {isa = PBXBuildFile; fileRef = 0175E235274C75AE00DE24FD /* CountryListViewModel.swift */; };
		0175E238274C779D00DE24FD /* CountryDetailViewModel.swift in Sources */ = {isa = PBXBuildFile; fileRef = 0175E237274C779D00DE24FD /* CountryDetailViewModel.swift */; };
		8D1E2722264D7064009EC797 /* CountriesAppApp.swift in Sources */ = {isa = PBXBuildFile; fileRef = 8D1E2721264D7064009EC797 /* CountriesAppApp.swift */; };
		8D1E2724264D7064009EC797 /* ContentView.swift in Sources */ = {isa = PBXBuildFile; fileRef = 8D1E2723264D7064009EC797 /* ContentView.swift */; };
		8D1E2726264D7065009EC797 /* Assets.xcassets in Resources */ = {isa = PBXBuildFile; fileRef = 8D1E2725264D7065009EC797 /* Assets.xcassets */; };
		8D1E2729264D7065009EC797 /* Preview Assets.xcassets in Resources */ = {isa = PBXBuildFile; fileRef = 8D1E2728264D7065009EC797 /* Preview Assets.xcassets */; };
		8D1E2733264D728C009EC797 /* ApolloCore in Frameworks */ = {isa = PBXBuildFile; productRef = 8D1E2732264D728C009EC797 /* ApolloCore */; };
		8D1E2735264D728C009EC797 /* ApolloSQLite in Frameworks */ = {isa = PBXBuildFile; productRef = 8D1E2734264D728C009EC797 /* ApolloSQLite */; };
		8D1E2737264D728C009EC797 /* ApolloWebSocket in Frameworks */ = {isa = PBXBuildFile; productRef = 8D1E2736264D728C009EC797 /* ApolloWebSocket */; };
		8D1E2739264D728C009EC797 /* Apollo in Frameworks */ = {isa = PBXBuildFile; productRef = 8D1E2738264D728C009EC797 /* Apollo */; };
		8D1E273B264D728C009EC797 /* ApolloCodegenLib in Frameworks */ = {isa = PBXBuildFile; productRef = 8D1E273A264D728C009EC797 /* ApolloCodegenLib */; };
/* End PBXBuildFile section */

/* Begin PBXFileReference section */
		0175E225274C54C600DE24FD /* Queries.graphql */ = {isa = PBXFileReference; lastKnownFileType = text; path = Queries.graphql; sourceTree = "<group>"; };
		0175E227274C54D900DE24FD /* Apollo.swift */ = {isa = PBXFileReference; lastKnownFileType = sourcecode.swift; path = Apollo.swift; sourceTree = "<group>"; };
		0175E22E274C5E3F00DE24FD /* schema.json */ = {isa = PBXFileReference; fileEncoding = 4; lastKnownFileType = text.json; name = schema.json; path = CountriesApp/schema.json; sourceTree = SOURCE_ROOT; };
		0175E230274C655E00DE24FD /* API.swift */ = {isa = PBXFileReference; fileEncoding = 4; lastKnownFileType = sourcecode.swift; path = API.swift; sourceTree = "<group>"; };
		0175E232274C71C600DE24FD /* CountryDetailView.swift */ = {isa = PBXFileReference; lastKnownFileType = sourcecode.swift; path = CountryDetailView.swift; sourceTree = "<group>"; };
		0175E235274C75AE00DE24FD /* CountryListViewModel.swift */ = {isa = PBXFileReference; lastKnownFileType = sourcecode.swift; path = CountryListViewModel.swift; sourceTree = "<group>"; };
		0175E237274C779D00DE24FD /* CountryDetailViewModel.swift */ = {isa = PBXFileReference; lastKnownFileType = sourcecode.swift; path = CountryDetailViewModel.swift; sourceTree = "<group>"; };
		8D1E271E264D7064009EC797 /* CountriesApp.app */ = {isa = PBXFileReference; explicitFileType = wrapper.application; includeInIndex = 0; path = CountriesApp.app; sourceTree = BUILT_PRODUCTS_DIR; };
		8D1E2721264D7064009EC797 /* CountriesAppApp.swift */ = {isa = PBXFileReference; lastKnownFileType = sourcecode.swift; path = CountriesAppApp.swift; sourceTree = "<group>"; };
		8D1E2723264D7064009EC797 /* ContentView.swift */ = {isa = PBXFileReference; lastKnownFileType = sourcecode.swift; path = ContentView.swift; sourceTree = "<group>"; };
		8D1E2725264D7065009EC797 /* Assets.xcassets */ = {isa = PBXFileReference; lastKnownFileType = folder.assetcatalog; path = Assets.xcassets; sourceTree = "<group>"; };
		8D1E2728264D7065009EC797 /* Preview Assets.xcassets */ = {isa = PBXFileReference; lastKnownFileType = folder.assetcatalog; path = "Preview Assets.xcassets"; sourceTree = "<group>"; };
		8D1E272A264D7065009EC797 /* Info.plist */ = {isa = PBXFileReference; lastKnownFileType = text.plist.xml; path = Info.plist; sourceTree = "<group>"; };
/* End PBXFileReference section */

/* Begin PBXFrameworksBuildPhase section */
		8D1E271B264D7064009EC797 /* Frameworks */ = {
			isa = PBXFrameworksBuildPhase;
			buildActionMask = 2147483647;
			files = (
				8D1E273B264D728C009EC797 /* ApolloCodegenLib in Frameworks */,
				8D1E2733264D728C009EC797 /* ApolloCore in Frameworks */,
				8D1E2739264D728C009EC797 /* Apollo in Frameworks */,
				8D1E2737264D728C009EC797 /* ApolloWebSocket in Frameworks */,
				8D1E2735264D728C009EC797 /* ApolloSQLite in Frameworks */,
			);
			runOnlyForDeploymentPostprocessing = 0;
		};
/* End PBXFrameworksBuildPhase section */

/* Begin PBXGroup section */
		0175E224274C549100DE24FD /* GraphQL */ = {
			isa = PBXGroup;
			children = (
				0175E230274C655E00DE24FD /* API.swift */,
				0175E225274C54C600DE24FD /* Queries.graphql */,
				0175E227274C54D900DE24FD /* Apollo.swift */,
			);
			path = GraphQL;
			sourceTree = "<group>";
		};
		0175E234274C759300DE24FD /* View Models */ = {
			isa = PBXGroup;
			children = (
				0175E235274C75AE00DE24FD /* CountryListViewModel.swift */,
				0175E237274C779D00DE24FD /* CountryDetailViewModel.swift */,
			);
			path = "View Models";
			sourceTree = "<group>";
		};
		8D1E2715264D7064009EC797 = {
			isa = PBXGroup;
			children = (
				8D1E2720264D7064009EC797 /* CountriesApp */,
				8D1E271F264D7064009EC797 /* Products */,
			);
			sourceTree = "<group>";
		};
		8D1E271F264D7064009EC797 /* Products */ = {
			isa = PBXGroup;
			children = (
				8D1E271E264D7064009EC797 /* CountriesApp.app */,
			);
			name = Products;
			sourceTree = "<group>";
		};
		8D1E2720264D7064009EC797 /* CountriesApp */ = {
			isa = PBXGroup;
			children = (
				0175E234274C759300DE24FD /* View Models */,
				0175E22E274C5E3F00DE24FD /* schema.json */,
				0175E224274C549100DE24FD /* GraphQL */,
				8D1E2721264D7064009EC797 /* CountriesAppApp.swift */,
				8D1E2723264D7064009EC797 /* ContentView.swift */,
				0175E232274C71C600DE24FD /* CountryDetailView.swift */,
				8D1E2725264D7065009EC797 /* Assets.xcassets */,
				8D1E272A264D7065009EC797 /* Info.plist */,
				8D1E2727264D7065009EC797 /* Preview Content */,
			);
			path = CountriesApp;
			sourceTree = "<group>";
		};
		8D1E2727264D7065009EC797 /* Preview Content */ = {
			isa = PBXGroup;
			children = (
				8D1E2728264D7065009EC797 /* Preview Assets.xcassets */,
			);
			path = "Preview Content";
			sourceTree = "<group>";
		};
/* End PBXGroup section */

/* Begin PBXNativeTarget section */
		8D1E271D264D7064009EC797 /* CountriesApp */ = {
			isa = PBXNativeTarget;
			buildConfigurationList = 8D1E272D264D7065009EC797 /* Build configuration list for PBXNativeTarget "CountriesApp" */;
			buildPhases = (
				0175E229274C55A100DE24FD /* Generate Apollo GraphQL API */,
				8D1E271A264D7064009EC797 /* Sources */,
				8D1E271B264D7064009EC797 /* Frameworks */,
				8D1E271C264D7064009EC797 /* Resources */,
			);
			buildRules = (
			);
			dependencies = (
			);
			name = CountriesApp;
			packageProductDependencies = (
				8D1E2732264D728C009EC797 /* ApolloCore */,
				8D1E2734264D728C009EC797 /* ApolloSQLite */,
				8D1E2736264D728C009EC797 /* ApolloWebSocket */,
				8D1E2738264D728C009EC797 /* Apollo */,
				8D1E273A264D728C009EC797 /* ApolloCodegenLib */,
			);
			productName = CountriesApp;
			productReference = 8D1E271E264D7064009EC797 /* CountriesApp.app */;
			productType = "com.apple.product-type.application";
		};
/* End PBXNativeTarget section */

/* Begin PBXProject section */
		8D1E2716264D7064009EC797 /* Project object */ = {
			isa = PBXProject;
			attributes = {
				LastSwiftUpdateCheck = 1240;
				LastUpgradeCheck = 1240;
				TargetAttributes = {
					8D1E271D264D7064009EC797 = {
						CreatedOnToolsVersion = 12.4;
					};
				};
			};
			buildConfigurationList = 8D1E2719264D7064009EC797 /* Build configuration list for PBXProject "CountriesApp" */;
			compatibilityVersion = "Xcode 9.3";
			developmentRegion = en;
			hasScannedForEncodings = 0;
			knownRegions = (
				en,
				Base,
			);
			mainGroup = 8D1E2715264D7064009EC797;
			packageReferences = (
				8D1E2731264D728C009EC797 /* XCRemoteSwiftPackageReference "apollo-ios" */,
			);
			productRefGroup = 8D1E271F264D7064009EC797 /* Products */;
			projectDirPath = "";
			projectRoot = "";
			targets = (
				8D1E271D264D7064009EC797 /* CountriesApp */,
			);
		};
/* End PBXProject section */

/* Begin PBXResourcesBuildPhase section */
		8D1E271C264D7064009EC797 /* Resources */ = {
			isa = PBXResourcesBuildPhase;
			buildActionMask = 2147483647;
			files = (
				0175E22F274C5E3F00DE24FD /* schema.json in Resources */,
				8D1E2729264D7065009EC797 /* Preview Assets.xcassets in Resources */,
				0175E226274C54C600DE24FD /* Queries.graphql in Resources */,
				8D1E2726264D7065009EC797 /* Assets.xcassets in Resources */,
			);
			runOnlyForDeploymentPostprocessing = 0;
		};
/* End PBXResourcesBuildPhase section */

/* Begin PBXShellScriptBuildPhase section */
		0175E229274C55A100DE24FD /* Generate Apollo GraphQL API */ = {
			isa = PBXShellScriptBuildPhase;
			buildActionMask = 2147483647;
			files = (
			);
			inputFileListPaths = (
			);
			inputPaths = (
			);
			name = "Generate Apollo GraphQL API";
			outputFileListPaths = (
			);
			outputPaths = (
			);
			runOnlyForDeploymentPostprocessing = 0;
			shellPath = /bin/sh;
			shellScript = "# Don't run this during index builds\nif [ $ACTION = \"indexbuild\" ]; then exit 0; fi\n\n# Go to the build root and search up the chain to find the Derived Data Path where the source packages are checked out.\nDERIVED_DATA_CANDIDATE=\"${BUILD_ROOT}\"\n\nwhile ! [ -d \"${DERIVED_DATA_CANDIDATE}/SourcePackages\" ]; do\n  if [ \"${DERIVED_DATA_CANDIDATE}\" = / ]; then\n    echo >&2 \"error: Unable to locate SourcePackages directory from BUILD_ROOT: '${BUILD_ROOT}'\"\n    exit 1\n  fi\n\n  DERIVED_DATA_CANDIDATE=\"$(dirname \"${DERIVED_DATA_CANDIDATE}\")\"\ndone\n\n# Grab a reference to the directory where scripts are checked out\nSCRIPT_PATH=\"${DERIVED_DATA_CANDIDATE}/SourcePackages/checkouts/apollo-ios/scripts\"\n\nif [ -z \"${SCRIPT_PATH}\" ]; then\n    echo >&2 \"error: Couldn't find the CLI script in your checked out SPM packages; make sure to add the framework to your project.\"\n    exit 1\nfi\n\ncd \"${SRCROOT}/${TARGET_NAME}\"\n\"${SCRIPT_PATH}\"/run-bundled-codegen.sh codegen:generate --target=swift --includes=./**/*.graphql --localSchemaFile=\"schema.json\" ./GraphQL/API.swift\n";
		};
/* End PBXShellScriptBuildPhase section */

/* Begin PBXSourcesBuildPhase section */
		8D1E271A264D7064009EC797 /* Sources */ = {
			isa = PBXSourcesBuildPhase;
			buildActionMask = 2147483647;
			files = (
				8D1E2724264D7064009EC797 /* ContentView.swift in Sources */,
				0175E228274C54D900DE24FD /* Apollo.swift in Sources */,
				0175E231274C655E00DE24FD /* API.swift in Sources */,
				0175E236274C75AE00DE24FD /* CountryListViewModel.swift in Sources */,
				8D1E2722264D7064009EC797 /* CountriesAppApp.swift in Sources */,
				0175E233274C71C600DE24FD /* CountryDetailView.swift in Sources */,
				0175E238274C779D00DE24FD /* CountryDetailViewModel.swift in Sources */,
			);
			runOnlyForDeploymentPostprocessing = 0;
		};
/* End PBXSourcesBuildPhase section */

/* Begin XCBuildConfiguration section */
		8D1E272B264D7065009EC797 /* Debug */ = {
			isa = XCBuildConfiguration;
			buildSettings = {
				ALWAYS_SEARCH_USER_PATHS = NO;
				CLANG_ANALYZER_NONNULL = YES;
				CLANG_ANALYZER_NUMBER_OBJECT_CONVERSION = YES_AGGRESSIVE;
				CLANG_CXX_LANGUAGE_STANDARD = "gnu++14";
				CLANG_CXX_LIBRARY = "libc++";
				CLANG_ENABLE_MODULES = YES;
				CLANG_ENABLE_OBJC_ARC = YES;
				CLANG_ENABLE_OBJC_WEAK = YES;
				CLANG_WARN_BLOCK_CAPTURE_AUTORELEASING = YES;
				CLANG_WARN_BOOL_CONVERSION = YES;
				CLANG_WARN_COMMA = YES;
				CLANG_WARN_CONSTANT_CONVERSION = YES;
				CLANG_WARN_DEPRECATED_OBJC_IMPLEMENTATIONS = YES;
				CLANG_WARN_DIRECT_OBJC_ISA_USAGE = YES_ERROR;
				CLANG_WARN_DOCUMENTATION_COMMENTS = YES;
				CLANG_WARN_EMPTY_BODY = YES;
				CLANG_WARN_ENUM_CONVERSION = YES;
				CLANG_WARN_INFINITE_RECURSION = YES;
				CLANG_WARN_INT_CONVERSION = YES;
				CLANG_WARN_NON_LITERAL_NULL_CONVERSION = YES;
				CLANG_WARN_OBJC_IMPLICIT_RETAIN_SELF = YES;
				CLANG_WARN_OBJC_LITERAL_CONVERSION = YES;
				CLANG_WARN_OBJC_ROOT_CLASS = YES_ERROR;
				CLANG_WARN_QUOTED_INCLUDE_IN_FRAMEWORK_HEADER = YES;
				CLANG_WARN_RANGE_LOOP_ANALYSIS = YES;
				CLANG_WARN_STRICT_PROTOTYPES = YES;
				CLANG_WARN_SUSPICIOUS_MOVE = YES;
				CLANG_WARN_UNGUARDED_AVAILABILITY = YES_AGGRESSIVE;
				CLANG_WARN_UNREACHABLE_CODE = YES;
				CLANG_WARN__DUPLICATE_METHOD_MATCH = YES;
				COPY_PHASE_STRIP = NO;
				DEBUG_INFORMATION_FORMAT = dwarf;
				ENABLE_STRICT_OBJC_MSGSEND = YES;
				ENABLE_TESTABILITY = YES;
				GCC_C_LANGUAGE_STANDARD = gnu11;
				GCC_DYNAMIC_NO_PIC = NO;
				GCC_NO_COMMON_BLOCKS = YES;
				GCC_OPTIMIZATION_LEVEL = 0;
				GCC_PREPROCESSOR_DEFINITIONS = (
					"DEBUG=1",
					"$(inherited)",
				);
				GCC_WARN_64_TO_32_BIT_CONVERSION = YES;
				GCC_WARN_ABOUT_RETURN_TYPE = YES_ERROR;
				GCC_WARN_UNDECLARED_SELECTOR = YES;
				GCC_WARN_UNINITIALIZED_AUTOS = YES_AGGRESSIVE;
				GCC_WARN_UNUSED_FUNCTION = YES;
				GCC_WARN_UNUSED_VARIABLE = YES;
				IPHONEOS_DEPLOYMENT_TARGET = 14.4;
				MTL_ENABLE_DEBUG_INFO = INCLUDE_SOURCE;
				MTL_FAST_MATH = YES;
				ONLY_ACTIVE_ARCH = YES;
				SDKROOT = iphoneos;
				SWIFT_ACTIVE_COMPILATION_CONDITIONS = DEBUG;
				SWIFT_OPTIMIZATION_LEVEL = "-Onone";
			};
			name = Debug;
		};
		8D1E272C264D7065009EC797 /* Release */ = {
			isa = XCBuildConfiguration;
			buildSettings = {
				ALWAYS_SEARCH_USER_PATHS = NO;
				CLANG_ANALYZER_NONNULL = YES;
				CLANG_ANALYZER_NUMBER_OBJECT_CONVERSION = YES_AGGRESSIVE;
				CLANG_CXX_LANGUAGE_STANDARD = "gnu++14";
				CLANG_CXX_LIBRARY = "libc++";
				CLANG_ENABLE_MODULES = YES;
				CLANG_ENABLE_OBJC_ARC = YES;
				CLANG_ENABLE_OBJC_WEAK = YES;
				CLANG_WARN_BLOCK_CAPTURE_AUTORELEASING = YES;
				CLANG_WARN_BOOL_CONVERSION = YES;
				CLANG_WARN_COMMA = YES;
				CLANG_WARN_CONSTANT_CONVERSION = YES;
				CLANG_WARN_DEPRECATED_OBJC_IMPLEMENTATIONS = YES;
				CLANG_WARN_DIRECT_OBJC_ISA_USAGE = YES_ERROR;
				CLANG_WARN_DOCUMENTATION_COMMENTS = YES;
				CLANG_WARN_EMPTY_BODY = YES;
				CLANG_WARN_ENUM_CONVERSION = YES;
				CLANG_WARN_INFINITE_RECURSION = YES;
				CLANG_WARN_INT_CONVERSION = YES;
				CLANG_WARN_NON_LITERAL_NULL_CONVERSION = YES;
				CLANG_WARN_OBJC_IMPLICIT_RETAIN_SELF = YES;
				CLANG_WARN_OBJC_LITERAL_CONVERSION = YES;
				CLANG_WARN_OBJC_ROOT_CLASS = YES_ERROR;
				CLANG_WARN_QUOTED_INCLUDE_IN_FRAMEWORK_HEADER = YES;
				CLANG_WARN_RANGE_LOOP_ANALYSIS = YES;
				CLANG_WARN_STRICT_PROTOTYPES = YES;
				CLANG_WARN_SUSPICIOUS_MOVE = YES;
				CLANG_WARN_UNGUARDED_AVAILABILITY = YES_AGGRESSIVE;
				CLANG_WARN_UNREACHABLE_CODE = YES;
				CLANG_WARN__DUPLICATE_METHOD_MATCH = YES;
				COPY_PHASE_STRIP = NO;
				DEBUG_INFORMATION_FORMAT = "dwarf-with-dsym";
				ENABLE_NS_ASSERTIONS = NO;
				ENABLE_STRICT_OBJC_MSGSEND = YES;
				GCC_C_LANGUAGE_STANDARD = gnu11;
				GCC_NO_COMMON_BLOCKS = YES;
				GCC_WARN_64_TO_32_BIT_CONVERSION = YES;
				GCC_WARN_ABOUT_RETURN_TYPE = YES_ERROR;
				GCC_WARN_UNDECLARED_SELECTOR = YES;
				GCC_WARN_UNINITIALIZED_AUTOS = YES_AGGRESSIVE;
				GCC_WARN_UNUSED_FUNCTION = YES;
				GCC_WARN_UNUSED_VARIABLE = YES;
				IPHONEOS_DEPLOYMENT_TARGET = 14.4;
				MTL_ENABLE_DEBUG_INFO = NO;
				MTL_FAST_MATH = YES;
				SDKROOT = iphoneos;
				SWIFT_COMPILATION_MODE = wholemodule;
				SWIFT_OPTIMIZATION_LEVEL = "-O";
				VALIDATE_PRODUCT = YES;
			};
			name = Release;
		};
		8D1E272E264D7065009EC797 /* Debug */ = {
			isa = XCBuildConfiguration;
			buildSettings = {
				ASSETCATALOG_COMPILER_APPICON_NAME = AppIcon;
				ASSETCATALOG_COMPILER_GLOBAL_ACCENT_COLOR_NAME = AccentColor;
				CODE_SIGN_STYLE = Automatic;
				DEVELOPMENT_ASSET_PATHS = "\"CountriesApp/Preview Content\"";
				DEVELOPMENT_TEAM = B2Q8EGNCQA;
				ENABLE_PREVIEWS = YES;
				INFOPLIST_FILE = CountriesApp/Info.plist;
				IPHONEOS_DEPLOYMENT_TARGET = 14.0;
				LD_RUNPATH_SEARCH_PATHS = (
					"$(inherited)",
					"@executable_path/Frameworks",
				);
				PRODUCT_BUNDLE_IDENTIFIER = com.azamsharp.CountriesApp;
				PRODUCT_NAME = "$(TARGET_NAME)";
				SWIFT_VERSION = 5.0;
				TARGETED_DEVICE_FAMILY = "1,2";
			};
			name = Debug;
		};
		8D1E272F264D7065009EC797 /* Release */ = {
			isa = XCBuildConfiguration;
			buildSettings = {
				ASSETCATALOG_COMPILER_APPICON_NAME = AppIcon;
				ASSETCATALOG_COMPILER_GLOBAL_ACCENT_COLOR_NAME = AccentColor;
				CODE_SIGN_STYLE = Automatic;
				DEVELOPMENT_ASSET_PATHS = "\"CountriesApp/Preview Content\"";
				DEVELOPMENT_TEAM = B2Q8EGNCQA;
				ENABLE_PREVIEWS = YES;
				INFOPLIST_FILE = CountriesApp/Info.plist;
				IPHONEOS_DEPLOYMENT_TARGET = 14.0;
				LD_RUNPATH_SEARCH_PATHS = (
					"$(inherited)",
					"@executable_path/Frameworks",
				);
				PRODUCT_BUNDLE_IDENTIFIER = com.azamsharp.CountriesApp;
				PRODUCT_NAME = "$(TARGET_NAME)";
				SWIFT_VERSION = 5.0;
				TARGETED_DEVICE_FAMILY = "1,2";
			};
			name = Release;
		};
/* End XCBuildConfiguration section */

/* Begin XCConfigurationList section */
		8D1E2719264D7064009EC797 /* Build configuration list for PBXProject "CountriesApp" */ = {
			isa = XCConfigurationList;
			buildConfigurations = (
				8D1E272B264D7065009EC797 /* Debug */,
				8D1E272C264D7065009EC797 /* Release */,
			);
			defaultConfigurationIsVisible = 0;
			defaultConfigurationName = Release;
		};
		8D1E272D264D7065009EC797 /* Build configuration list for PBXNativeTarget "CountriesApp" */ = {
			isa = XCConfigurationList;
			buildConfigurations = (
				8D1E272E264D7065009EC797 /* Debug */,
				8D1E272F264D7065009EC797 /* Release */,
			);
			defaultConfigurationIsVisible = 0;
			defaultConfigurationName = Release;
		};
/* End XCConfigurationList section */

/* Begin XCRemoteSwiftPackageReference section */
		8D1E2731264D728C009EC797 /* XCRemoteSwiftPackageReference "apollo-ios" */ = {
			isa = XCRemoteSwiftPackageReference;
			repositoryURL = "https://github.com/apollographql/apollo-ios.git";
			requirement = {
				kind = upToNextMajorVersion;
				minimumVersion = 0.43.0;
			};
		};
/* End XCRemoteSwiftPackageReference section */

/* Begin XCSwiftPackageProductDependency section */
		8D1E2732264D728C009EC797 /* ApolloCore */ = {
			isa = XCSwiftPackageProductDependency;
			package = 8D1E2731264D728C009EC797 /* XCRemoteSwiftPackageReference "apollo-ios" */;
			productName = ApolloCore;
		};
		8D1E2734264D728C009EC797 /* ApolloSQLite */ = {
			isa = XCSwiftPackageProductDependency;
			package = 8D1E2731264D728C009EC797 /* XCRemoteSwiftPackageReference "apollo-ios" */;
			productName = ApolloSQLite;
		};
		8D1E2736264D728C009EC797 /* ApolloWebSocket */ = {
			isa = XCSwiftPackageProductDependency;
			package = 8D1E2731264D728C009EC797 /* XCRemoteSwiftPackageReference "apollo-ios" */;
			productName = ApolloWebSocket;
		};
		8D1E2738264D728C009EC797 /* Apollo */ = {
			isa = XCSwiftPackageProductDependency;
			package = 8D1E2731264D728C009EC797 /* XCRemoteSwiftPackageReference "apollo-ios" */;
			productName = Apollo;
		};
		8D1E273A264D728C009EC797 /* ApolloCodegenLib */ = {
			isa = XCSwiftPackageProductDependency;
			package = 8D1E2731264D728C009EC797 /* XCRemoteSwiftPackageReference "apollo-ios" */;
			productName = ApolloCodegenLib;
		};
/* End XCSwiftPackageProductDependency section */
	};
	rootObject = 8D1E2716264D7064009EC797 /* Project object */;
}
